
Microsoft Visual Studio Solution File, Format Version 12.00
# Visual Studio Version 17
VisualStudioVersion = 17.12.35707.178 d17.12
MinimumVisualStudioVersion = 10.0.40219.1
Project("{FAE04EC0-301F-11D3-BF4B-00C04F79EFBC}") = "HelpLib", "HelpProject\HelpLib.csproj", "{F0C02F4D-8768-430F-A3BD-BE412D8A4016}"
EndProject
Project("{FAE04EC0-301F-11D3-BF4B-00C04F79EFBC}") = "HelpForm", "HelpForm\HelpForm.csproj", "{CA35AF53-6403-4AFC-A6D3-C47CC195D06D}"
EndProject
Global
	GlobalSection(SolutionConfigurationPlatforms) = preSolution
		Debug|Any CPU = Debug|Any CPU
		Release|Any CPU = Release|Any CPU
	EndGlobalSection
	GlobalSection(ProjectConfigurationPlatforms) = postSolution
		{F0C02F4D-8768-430F-A3BD-BE412D8A4016}.Debug|Any CPU.ActiveCfg = Debug|Any CPU
		{F0C02F4D-8768-430F-A3BD-BE412D8A4016}.Debug|Any CPU.Build.0 = Debug|Any CPU
		{F0C02F4D-8768-430F-A3BD-BE412D8A4016}.Release|Any CPU.ActiveCfg = Release|Any CPU
		{F0C02F4D-8768-430F-A3BD-BE412D8A4016}.Release|Any CPU.Build.0 = Release|Any CPU
		{CA35AF53-6403-4AFC-A6D3-C47CC195D06D}.Debug|Any CPU.ActiveCfg = Debug|Any CPU
		{CA35AF53-6403-4AFC-A6D3-C47CC195D06D}.Debug|Any CPU.Build.0 = Debug|Any CPU
		{CA35AF53-6403-4AFC-A6D3-C47CC195D06D}.Release|Any CPU.ActiveCfg = Release|Any CPU
		{CA35AF53-6403-4AFC-A6D3-C47CC195D06D}.Release|Any CPU.Build.0 = Release|Any CPU
	EndGlobalSection
	GlobalSection(SolutionProperties) = preSolution
		HideSolutionNode = FALSE
	EndGlobalSection
EndGlobal
